
Microsoft Visual Studio Solution File, Format Version 12.00
Project("{FAE04EC0-301F-11D3-BF4B-00C04F79EFBC}") = "Mqtt.Library.Test", "MQTT\Mqtt.Library.Test.csproj", "{85A80407-2BBF-419C-8AA8-27445227ADA3}"
EndProject
Project("{FAE04EC0-301F-11D3-BF4B-00C04F79EFBC}") = "Mqtt.Library.Core", "src\Mqtt.Library.Core\Mqtt.Library.Core.csproj", "{53D8C093-EECF-4BB6-B6E0-3F9119924A80}"
EndProject
Project("{FAE04EC0-301F-11D3-BF4B-00C04F79EFBC}") = "Mqtt.Library.Client", "src\Mqtt.Library.Client\Mqtt.Library.Client.csproj", "{79ED5AF3-ACF5-4FBE-8F3B-40420C2D7FFC}"
EndProject
Project("{FAE04EC0-301F-11D3-BF4B-00C04F79EFBC}") = "Mqtt.Library.Processing", "src\Mqtt.Library.Processing\Mqtt.Library.Processing.csproj", "{50662007-F2E0-4447-AAA6-31830A59F50C}"
EndProject
Project("{FAE04EC0-301F-11D3-BF4B-00C04F79EFBC}") = "Mqtt.Library.MessageBus", "src\Mqtt.Library.MessageBus\Mqtt.Library.MessageBus.csproj", "{76BFB8DB-B96F-432A-8422-F21B8EDCF358}"
EndProject
Project("{FAE04EC0-301F-11D3-BF4B-00C04F79EFBC}") = "Mqtt.Library.Unit", "test\Mqtt.Library.Unit\Mqtt.Library.Unit.csproj", "{83341A0E-B7E2-4CF0-B119-49059ED163CE}"
EndProject
Project("{FAE04EC0-301F-11D3-BF4B-00C04F79EFBC}") = "Mqtt.Library.TopicClient", "src\Mqtt.Library.TopicClient\Mqtt.Library.TopicClient.csproj", "{6B3C4327-A22D-4B7C-82EF-146D100362B8}"
EndProject
Project("{2150E333-8FDC-42A3-9474-1A3956D46DE8}") = "src", "src", "{190E30F9-5E61-4315-B8D4-F4B98A0D7CB3}"
EndProject
Project("{2150E333-8FDC-42A3-9474-1A3956D46DE8}") = "samples", "samples", "{2FDF9B42-0D8C-4844-9224-0604A9941B55}"
EndProject
Project("{FAE04EC0-301F-11D3-BF4B-00C04F79EFBC}") = "MqttLibrary.Examples.Contracts", "samples\MqttLibrary.Examples.Contracts\MqttLibrary.Examples.Contracts.csproj", "{C97E2EB4-3519-4920-9C00-DA97FD8AD579}"
EndProject
Project("{FAE04EC0-301F-11D3-BF4B-00C04F79EFBC}") = "MqttLibrary.Examples.Domain", "samples\MqttLibrary.Examples.Domain\MqttLibrary.Examples.Domain.csproj", "{8D467F0B-49A9-4B1A-AD77-C6CCEF9795A1}"
EndProject
Project("{FAE04EC0-301F-11D3-BF4B-00C04F79EFBC}") = "Mqtt.Library.Client.Local", "samples\Mqtt.Library.Client.Local\Mqtt.Library.Client.Local.csproj", "{36395632-9953-4016-8DD2-0428B85E96E2}"
EndProject
Project("{FAE04EC0-301F-11D3-BF4B-00C04F79EFBC}") = "MqttLibrary.Examples.Pairing.Domain", "samples\MqttLibrary.Examples.Pairing.Domain\MqttLibrary.Examples.Pairing.Domain.csproj", "{ED0B52CC-5BD5-4E5C-8F50-30DEAF3D42FF}"
EndProject
Project("{FAE04EC0-301F-11D3-BF4B-00C04F79EFBC}") = "MqttLibrary.Examples.Pairing.Contracts", "samples\MqttLibrary.Examples.Pairing.Contracts\MqttLibrary.Examples.Pairing.Contracts.csproj", "{C220A89F-51BD-4DB8-A436-D763C8F5379E}"
EndProject
Project("{2150E333-8FDC-42A3-9474-1A3956D46DE8}") = "distributedconfiguration", "distributedconfiguration", "{5818DAC5-B3C9-42EC-88FB-94E2AC911272}"
EndProject
Project("{FAE04EC0-301F-11D3-BF4B-00C04F79EFBC}") = "DistributedConfiguration.Client", "samples\DistributedConfiguration.Client\DistributedConfiguration.Client.csproj", "{C1489D0E-FD47-4656-B32B-C0A68F3543F2}"
EndProject
Global
	GlobalSection(SolutionConfigurationPlatforms) = preSolution
		Debug|Any CPU = Debug|Any CPU
		Release|Any CPU = Release|Any CPU
	EndGlobalSection
	GlobalSection(ProjectConfigurationPlatforms) = postSolution
		{85A80407-2BBF-419C-8AA8-27445227ADA3}.Debug|Any CPU.ActiveCfg = Debug|Any CPU
		{85A80407-2BBF-419C-8AA8-27445227ADA3}.Debug|Any CPU.Build.0 = Debug|Any CPU
		{85A80407-2BBF-419C-8AA8-27445227ADA3}.Release|Any CPU.ActiveCfg = Release|Any CPU
		{85A80407-2BBF-419C-8AA8-27445227ADA3}.Release|Any CPU.Build.0 = Release|Any CPU
		{53D8C093-EECF-4BB6-B6E0-3F9119924A80}.Debug|Any CPU.ActiveCfg = Debug|Any CPU
		{53D8C093-EECF-4BB6-B6E0-3F9119924A80}.Debug|Any CPU.Build.0 = Debug|Any CPU
		{53D8C093-EECF-4BB6-B6E0-3F9119924A80}.Release|Any CPU.ActiveCfg = Release|Any CPU
		{53D8C093-EECF-4BB6-B6E0-3F9119924A80}.Release|Any CPU.Build.0 = Release|Any CPU
		{79ED5AF3-ACF5-4FBE-8F3B-40420C2D7FFC}.Debug|Any CPU.ActiveCfg = Debug|Any CPU
		{79ED5AF3-ACF5-4FBE-8F3B-40420C2D7FFC}.Debug|Any CPU.Build.0 = Debug|Any CPU
		{79ED5AF3-ACF5-4FBE-8F3B-40420C2D7FFC}.Release|Any CPU.ActiveCfg = Release|Any CPU
		{79ED5AF3-ACF5-4FBE-8F3B-40420C2D7FFC}.Release|Any CPU.Build.0 = Release|Any CPU
		{50662007-F2E0-4447-AAA6-31830A59F50C}.Debug|Any CPU.ActiveCfg = Debug|Any CPU
		{50662007-F2E0-4447-AAA6-31830A59F50C}.Debug|Any CPU.Build.0 = Debug|Any CPU
		{50662007-F2E0-4447-AAA6-31830A59F50C}.Release|Any CPU.ActiveCfg = Release|Any CPU
		{50662007-F2E0-4447-AAA6-31830A59F50C}.Release|Any CPU.Build.0 = Release|Any CPU
		{76BFB8DB-B96F-432A-8422-F21B8EDCF358}.Debug|Any CPU.ActiveCfg = Debug|Any CPU
		{76BFB8DB-B96F-432A-8422-F21B8EDCF358}.Debug|Any CPU.Build.0 = Debug|Any CPU
		{76BFB8DB-B96F-432A-8422-F21B8EDCF358}.Release|Any CPU.ActiveCfg = Release|Any CPU
		{76BFB8DB-B96F-432A-8422-F21B8EDCF358}.Release|Any CPU.Build.0 = Release|Any CPU
		{83341A0E-B7E2-4CF0-B119-49059ED163CE}.Debug|Any CPU.ActiveCfg = Debug|Any CPU
		{83341A0E-B7E2-4CF0-B119-49059ED163CE}.Debug|Any CPU.Build.0 = Debug|Any CPU
		{83341A0E-B7E2-4CF0-B119-49059ED163CE}.Release|Any CPU.ActiveCfg = Release|Any CPU
		{83341A0E-B7E2-4CF0-B119-49059ED163CE}.Release|Any CPU.Build.0 = Release|Any CPU
		{6B3C4327-A22D-4B7C-82EF-146D100362B8}.Debug|Any CPU.ActiveCfg = Debug|Any CPU
		{6B3C4327-A22D-4B7C-82EF-146D100362B8}.Debug|Any CPU.Build.0 = Debug|Any CPU
		{6B3C4327-A22D-4B7C-82EF-146D100362B8}.Release|Any CPU.ActiveCfg = Release|Any CPU
		{6B3C4327-A22D-4B7C-82EF-146D100362B8}.Release|Any CPU.Build.0 = Release|Any CPU
		{C97E2EB4-3519-4920-9C00-DA97FD8AD579}.Debug|Any CPU.ActiveCfg = Debug|Any CPU
		{C97E2EB4-3519-4920-9C00-DA97FD8AD579}.Debug|Any CPU.Build.0 = Debug|Any CPU
		{C97E2EB4-3519-4920-9C00-DA97FD8AD579}.Release|Any CPU.ActiveCfg = Release|Any CPU
		{C97E2EB4-3519-4920-9C00-DA97FD8AD579}.Release|Any CPU.Build.0 = Release|Any CPU
		{8D467F0B-49A9-4B1A-AD77-C6CCEF9795A1}.Debug|Any CPU.ActiveCfg = Debug|Any CPU
		{8D467F0B-49A9-4B1A-AD77-C6CCEF9795A1}.Debug|Any CPU.Build.0 = Debug|Any CPU
		{8D467F0B-49A9-4B1A-AD77-C6CCEF9795A1}.Release|Any CPU.ActiveCfg = Release|Any CPU
		{8D467F0B-49A9-4B1A-AD77-C6CCEF9795A1}.Release|Any CPU.Build.0 = Release|Any CPU
		{36395632-9953-4016-8DD2-0428B85E96E2}.Debug|Any CPU.ActiveCfg = Debug|Any CPU
		{36395632-9953-4016-8DD2-0428B85E96E2}.Debug|Any CPU.Build.0 = Debug|Any CPU
		{36395632-9953-4016-8DD2-0428B85E96E2}.Release|Any CPU.ActiveCfg = Release|Any CPU
		{36395632-9953-4016-8DD2-0428B85E96E2}.Release|Any CPU.Build.0 = Release|Any CPU
		{ED0B52CC-5BD5-4E5C-8F50-30DEAF3D42FF}.Debug|Any CPU.ActiveCfg = Debug|Any CPU
		{ED0B52CC-5BD5-4E5C-8F50-30DEAF3D42FF}.Debug|Any CPU.Build.0 = Debug|Any CPU
		{ED0B52CC-5BD5-4E5C-8F50-30DEAF3D42FF}.Release|Any CPU.ActiveCfg = Release|Any CPU
		{ED0B52CC-5BD5-4E5C-8F50-30DEAF3D42FF}.Release|Any CPU.Build.0 = Release|Any CPU
		{C220A89F-51BD-4DB8-A436-D763C8F5379E}.Debug|Any CPU.ActiveCfg = Debug|Any CPU
		{C220A89F-51BD-4DB8-A436-D763C8F5379E}.Debug|Any CPU.Build.0 = Debug|Any CPU
		{C220A89F-51BD-4DB8-A436-D763C8F5379E}.Release|Any CPU.ActiveCfg = Release|Any CPU
		{C220A89F-51BD-4DB8-A436-D763C8F5379E}.Release|Any CPU.Build.0 = Release|Any CPU
		{C1489D0E-FD47-4656-B32B-C0A68F3543F2}.Debug|Any CPU.ActiveCfg = Debug|Any CPU
		{C1489D0E-FD47-4656-B32B-C0A68F3543F2}.Debug|Any CPU.Build.0 = Debug|Any CPU
		{C1489D0E-FD47-4656-B32B-C0A68F3543F2}.Release|Any CPU.ActiveCfg = Release|Any CPU
		{C1489D0E-FD47-4656-B32B-C0A68F3543F2}.Release|Any CPU.Build.0 = Release|Any CPU
	EndGlobalSection
	GlobalSection(NestedProjects) = preSolution
		{79ED5AF3-ACF5-4FBE-8F3B-40420C2D7FFC} = {190E30F9-5E61-4315-B8D4-F4B98A0D7CB3}
		{53D8C093-EECF-4BB6-B6E0-3F9119924A80} = {190E30F9-5E61-4315-B8D4-F4B98A0D7CB3}
		{76BFB8DB-B96F-432A-8422-F21B8EDCF358} = {190E30F9-5E61-4315-B8D4-F4B98A0D7CB3}
		{50662007-F2E0-4447-AAA6-31830A59F50C} = {190E30F9-5E61-4315-B8D4-F4B98A0D7CB3}
		{6B3C4327-A22D-4B7C-82EF-146D100362B8} = {190E30F9-5E61-4315-B8D4-F4B98A0D7CB3}
		{85A80407-2BBF-419C-8AA8-27445227ADA3} = {2FDF9B42-0D8C-4844-9224-0604A9941B55}
		{C97E2EB4-3519-4920-9C00-DA97FD8AD579} = {2FDF9B42-0D8C-4844-9224-0604A9941B55}
		{8D467F0B-49A9-4B1A-AD77-C6CCEF9795A1} = {2FDF9B42-0D8C-4844-9224-0604A9941B55}
		{36395632-9953-4016-8DD2-0428B85E96E2} = {2FDF9B42-0D8C-4844-9224-0604A9941B55}
		{5818DAC5-B3C9-42EC-88FB-94E2AC911272} = {2FDF9B42-0D8C-4844-9224-0604A9941B55}
		{C220A89F-51BD-4DB8-A436-D763C8F5379E} = {5818DAC5-B3C9-42EC-88FB-94E2AC911272}
		{ED0B52CC-5BD5-4E5C-8F50-30DEAF3D42FF} = {5818DAC5-B3C9-42EC-88FB-94E2AC911272}
		{C1489D0E-FD47-4656-B32B-C0A68F3543F2} = {5818DAC5-B3C9-42EC-88FB-94E2AC911272}
	EndGlobalSection
EndGlobal
